// !$*UTF8*$!
{
	archiveVersion = 1;
	classes = {
	};
	objectVersion = 46;
	objects = {

/* Begin PBXBuildFile section */
		26088AC21C56EB560040C0F3 /* Bytes.swift in Sources */ = {isa = PBXBuildFile; fileRef = 26088ABE1C56EB560040C0F3 /* Bytes.swift */; };
		26088AC31C56EB560040C0F3 /* cURL.swift in Sources */ = {isa = PBXBuildFile; fileRef = 26088ABF1C56EB560040C0F3 /* cURL.swift */; };
		26088AC41C56EB560040C0F3 /* LibEvent.swift in Sources */ = {isa = PBXBuildFile; fileRef = 26088AC01C56EB560040C0F3 /* LibEvent.swift */; };
		26088AC51C56EB560040C0F3 /* Threading.swift in Sources */ = {isa = PBXBuildFile; fileRef = 26088AC11C56EB560040C0F3 /* Threading.swift */; };
		26088AD31C56F1FB0040C0F3 /* curl_support.cpp in Sources */ = {isa = PBXBuildFile; fileRef = 26088AD21C56F1FB0040C0F3 /* curl_support.cpp */; };
		26088AD81C56F2710040C0F3 /* libevent_pthreads.a in Frameworks */ = {isa = PBXBuildFile; fileRef = 26088AD61C56F2710040C0F3 /* libevent_pthreads.a */; };
		26088AD91C56F2710040C0F3 /* libevent.a in Frameworks */ = {isa = PBXBuildFile; fileRef = 26088AD71C56F2710040C0F3 /* libevent.a */; };
		26088ADC1C56F3170040C0F3 /* libcurl.tbd in Frameworks */ = {isa = PBXBuildFile; fileRef = 26088ADB1C56F3170040C0F3 /* libcurl.tbd */; };
		26088AE21C5714420040C0F3 /* WebSocket.swift in Sources */ = {isa = PBXBuildFile; fileRef = 26088AE11C5714420040C0F3 /* WebSocket.swift */; };
		26B50F3B1C52CAE20066F03A /* AppDelegate.swift in Sources */ = {isa = PBXBuildFile; fileRef = 26B50F3A1C52CAE20066F03A /* AppDelegate.swift */; };
		26B50F3D1C52CAE20066F03A /* Assets.xcassets in Resources */ = {isa = PBXBuildFile; fileRef = 26B50F3C1C52CAE20066F03A /* Assets.xcassets */; };
		26B50F401C52CAE20066F03A /* MainMenu.xib in Resources */ = {isa = PBXBuildFile; fileRef = 26B50F3E1C52CAE20066F03A /* MainMenu.xib */; };
		26BBA1941C398E3C00BF7225 /* Bot.swift in Sources */ = {isa = PBXBuildFile; fileRef = 26BBA1871C398E3C00BF7225 /* Bot.swift */; };
		26BBA1951C398E3C00BF7225 /* Channel.swift in Sources */ = {isa = PBXBuildFile; fileRef = 26BBA1881C398E3C00BF7225 /* Channel.swift */; };
		26BBA1961C398E3C00BF7225 /* Client.swift in Sources */ = {isa = PBXBuildFile; fileRef = 26BBA1891C398E3C00BF7225 /* Client.swift */; };
		26BBA1971C398E3C00BF7225 /* Event.swift in Sources */ = {isa = PBXBuildFile; fileRef = 26BBA18A1C398E3C00BF7225 /* Event.swift */; };
		26BBA1981C398E3C00BF7225 /* EventDelegate.swift in Sources */ = {isa = PBXBuildFile; fileRef = 26BBA18B1C398E3C00BF7225 /* EventDelegate.swift */; };
		26BBA1991C398E3C00BF7225 /* EventDispatcher.swift in Sources */ = {isa = PBXBuildFile; fileRef = 26BBA18C1C398E3C00BF7225 /* EventDispatcher.swift */; };
		26BBA19A1C398E3C00BF7225 /* EventHandler.swift in Sources */ = {isa = PBXBuildFile; fileRef = 26BBA18D1C398E3C00BF7225 /* EventHandler.swift */; };
		26BBA19B1C398E3C00BF7225 /* File.swift in Sources */ = {isa = PBXBuildFile; fileRef = 26BBA18E1C398E3C00BF7225 /* File.swift */; };
		26BBA19C1C398E3C00BF7225 /* Message.swift in Sources */ = {isa = PBXBuildFile; fileRef = 26BBA18F1C398E3C00BF7225 /* Message.swift */; };
		26BBA19D1C398E3C00BF7225 /* Team.swift in Sources */ = {isa = PBXBuildFile; fileRef = 26BBA1901C398E3C00BF7225 /* Team.swift */; };
		26BBA19E1C398E3C00BF7225 /* Types.swift in Sources */ = {isa = PBXBuildFile; fileRef = 26BBA1911C398E3C00BF7225 /* Types.swift */; };
		26BBA19F1C398E3C00BF7225 /* User.swift in Sources */ = {isa = PBXBuildFile; fileRef = 26BBA1921C398E3C00BF7225 /* User.swift */; };
		26BBA1A01C398E3C00BF7225 /* UserGroup.swift in Sources */ = {isa = PBXBuildFile; fileRef = 26BBA1931C398E3C00BF7225 /* UserGroup.swift */; };
/* End PBXBuildFile section */

/* Begin PBXFileReference section */
		26072A341BB48B3A00CD650C /* SlackKit.framework */ = {isa = PBXFileReference; explicitFileType = wrapper.framework; includeInIndex = 0; path = SlackKit.framework; sourceTree = BUILT_PRODUCTS_DIR; };
		26088ABE1C56EB560040C0F3 /* Bytes.swift */ = {isa = PBXFileReference; fileEncoding = 4; lastKnownFileType = sourcecode.swift; name = Bytes.swift; path = Sources/Bytes.swift; sourceTree = "<group>"; };
		26088ABF1C56EB560040C0F3 /* cURL.swift */ = {isa = PBXFileReference; fileEncoding = 4; lastKnownFileType = sourcecode.swift; name = cURL.swift; path = Sources/cURL.swift; sourceTree = "<group>"; };
		26088AC01C56EB560040C0F3 /* LibEvent.swift */ = {isa = PBXFileReference; fileEncoding = 4; lastKnownFileType = sourcecode.swift; name = LibEvent.swift; path = Sources/LibEvent.swift; sourceTree = "<group>"; };
		26088AC11C56EB560040C0F3 /* Threading.swift */ = {isa = PBXFileReference; fileEncoding = 4; lastKnownFileType = sourcecode.swift; name = Threading.swift; path = Sources/Threading.swift; sourceTree = "<group>"; };
		26088AD21C56F1FB0040C0F3 /* curl_support.cpp */ = {isa = PBXFileReference; lastKnownFileType = sourcecode.cpp.cpp; name = curl_support.cpp; path = "../Packages/cURL-1.0.0/curl_support.cpp"; sourceTree = "<group>"; };
		26088AD61C56F2710040C0F3 /* libevent_pthreads.a */ = {isa = PBXFileReference; lastKnownFileType = archive.ar; name = libevent_pthreads.a; path = "../Packages/LibEvent-1.0.0/osx/libevent_pthreads.a"; sourceTree = "<group>"; };
		26088AD71C56F2710040C0F3 /* libevent.a */ = {isa = PBXFileReference; lastKnownFileType = archive.ar; name = libevent.a; path = "../Packages/LibEvent-1.0.0/osx/libevent.a"; sourceTree = "<group>"; };
		26088ADB1C56F3170040C0F3 /* libcurl.tbd */ = {isa = PBXFileReference; fileEncoding = 4; lastKnownFileType = "sourcecode.text-based-dylib-definition"; path = libcurl.tbd; sourceTree = "<group>"; };
		26088AE11C5714420040C0F3 /* WebSocket.swift */ = {isa = PBXFileReference; fileEncoding = 4; lastKnownFileType = sourcecode.swift; name = WebSocket.swift; path = Sources/WebSocket.swift; sourceTree = "<group>"; };
		2661A6A41BBF62FF0026F67B /* SlackKit.h */ = {isa = PBXFileReference; lastKnownFileType = sourcecode.c.h; path = SlackKit.h; sourceTree = "<group>"; };
		266E05F01BBF780C00840D76 /* Info.plist */ = {isa = PBXFileReference; fileEncoding = 4; lastKnownFileType = text.plist.xml; path = Info.plist; sourceTree = "<group>"; };
		26BBA1871C398E3C00BF7225 /* Bot.swift */ = {isa = PBXFileReference; fileEncoding = 4; lastKnownFileType = sourcecode.swift; name = Bot.swift; path = Sources/Bot.swift; sourceTree = "<group>"; };
		26BBA1881C398E3C00BF7225 /* Channel.swift */ = {isa = PBXFileReference; fileEncoding = 4; lastKnownFileType = sourcecode.swift; name = Channel.swift; path = Sources/Channel.swift; sourceTree = "<group>"; };
		26BBA1891C398E3C00BF7225 /* Client.swift */ = {isa = PBXFileReference; fileEncoding = 4; lastKnownFileType = sourcecode.swift; name = Client.swift; path = Sources/Client.swift; sourceTree = "<group>"; };
		26BBA18A1C398E3C00BF7225 /* Event.swift */ = {isa = PBXFileReference; fileEncoding = 4; lastKnownFileType = sourcecode.swift; name = Event.swift; path = Sources/Event.swift; sourceTree = "<group>"; };
		26BBA18B1C398E3C00BF7225 /* EventDelegate.swift */ = {isa = PBXFileReference; fileEncoding = 4; lastKnownFileType = sourcecode.swift; name = EventDelegate.swift; path = Sources/EventDelegate.swift; sourceTree = "<group>"; };
		26BBA18C1C398E3C00BF7225 /* EventDispatcher.swift */ = {isa = PBXFileReference; fileEncoding = 4; lastKnownFileType = sourcecode.swift; name = EventDispatcher.swift; path = Sources/EventDispatcher.swift; sourceTree = "<group>"; };
		26BBA18D1C398E3C00BF7225 /* EventHandler.swift */ = {isa = PBXFileReference; fileEncoding = 4; lastKnownFileType = sourcecode.swift; name = EventHandler.swift; path = Sources/EventHandler.swift; sourceTree = "<group>"; };
		26BBA18E1C398E3C00BF7225 /* File.swift */ = {isa = PBXFileReference; fileEncoding = 4; lastKnownFileType = sourcecode.swift; name = File.swift; path = Sources/File.swift; sourceTree = "<group>"; };
		26BBA18F1C398E3C00BF7225 /* Message.swift */ = {isa = PBXFileReference; fileEncoding = 4; lastKnownFileType = sourcecode.swift; name = Message.swift; path = Sources/Message.swift; sourceTree = "<group>"; };
		26BBA1901C398E3C00BF7225 /* Team.swift */ = {isa = PBXFileReference; fileEncoding = 4; lastKnownFileType = sourcecode.swift; name = Team.swift; path = Sources/Team.swift; sourceTree = "<group>"; };
		26BBA1911C398E3C00BF7225 /* Types.swift */ = {isa = PBXFileReference; fileEncoding = 4; lastKnownFileType = sourcecode.swift; name = Types.swift; path = Sources/Types.swift; sourceTree = "<group>"; };
		26BBA1921C398E3C00BF7225 /* User.swift */ = {isa = PBXFileReference; fileEncoding = 4; lastKnownFileType = sourcecode.swift; name = User.swift; path = Sources/User.swift; sourceTree = "<group>"; };
		26BBA1931C398E3C00BF7225 /* UserGroup.swift */ = {isa = PBXFileReference; fileEncoding = 4; lastKnownFileType = sourcecode.swift; name = UserGroup.swift; path = Sources/UserGroup.swift; sourceTree = "<group>"; };
/* End PBXFileReference section */

/* Begin PBXFrameworksBuildPhase section */
		26072A301BB48B3A00CD650C /* Frameworks */ = {
			isa = PBXFrameworksBuildPhase;
			buildActionMask = 2147483647;
			files = (
				26088ADC1C56F3170040C0F3 /* libcurl.tbd in Frameworks */,
				26088AD81C56F2710040C0F3 /* libevent_pthreads.a in Frameworks */,
				26088AD91C56F2710040C0F3 /* libevent.a in Frameworks */,
			);
			runOnlyForDeploymentPostprocessing = 0;
		};
		26B50F351C52CAE20066F03A /* Frameworks */ = {
			isa = PBXFrameworksBuildPhase;
			buildActionMask = 2147483647;
			files = (
			);
			runOnlyForDeploymentPostprocessing = 0;
		};
/* End PBXFrameworksBuildPhase section */

/* Begin PBXGroup section */
		26072A2A1BB48B3A00CD650C = {
			isa = PBXGroup;
			children = (
				2661A6811BBF60E60026F67B /* SlackKit */,
				26072A351BB48B3A00CD650C /* Products */,
			);
			sourceTree = "<group>";
		};
		26072A351BB48B3A00CD650C /* Products */ = {
			isa = PBXGroup;
			children = (
				26072A341BB48B3A00CD650C /* SlackKit.framework */,
			);
			name = Products;
			sourceTree = "<group>";
		};
		26088AC71C56EB590040C0F3 /* cURL */ = {
			isa = PBXGroup;
			children = (
				26088AD61C56F2710040C0F3 /* libevent_pthreads.a */,
				26088AD71C56F2710040C0F3 /* libevent.a */,
				26088ADB1C56F3170040C0F3 /* libcurl.tbd */,
				26088AD21C56F1FB0040C0F3 /* curl_support.cpp */,
				26088ABE1C56EB560040C0F3 /* Bytes.swift */,
				26088ABF1C56EB560040C0F3 /* cURL.swift */,
				26088AC01C56EB560040C0F3 /* LibEvent.swift */,
				26088AC11C56EB560040C0F3 /* Threading.swift */,
			);
			name = cURL;
			sourceTree = "<group>";
		};
		26088AE01C570E640040C0F3 /* Starscream */ = {
			isa = PBXGroup;
			children = (
				26088AE11C5714420040C0F3 /* WebSocket.swift */,
			);
			name = Starscream;
			sourceTree = "<group>";
		};
		2661A6811BBF60E60026F67B /* SlackKit */ = {
			isa = PBXGroup;
			children = (
				26088AC71C56EB590040C0F3 /* cURL */,
				26088AE01C570E640040C0F3 /* Starscream */,
				26BBA1871C398E3C00BF7225 /* Bot.swift */,
				26BBA1881C398E3C00BF7225 /* Channel.swift */,
				26BBA1891C398E3C00BF7225 /* Client.swift */,
				26BBA18A1C398E3C00BF7225 /* Event.swift */,
				26BBA18B1C398E3C00BF7225 /* EventDelegate.swift */,
				26BBA18C1C398E3C00BF7225 /* EventDispatcher.swift */,
				26BBA18D1C398E3C00BF7225 /* EventHandler.swift */,
				26BBA18E1C398E3C00BF7225 /* File.swift */,
				26BBA18F1C398E3C00BF7225 /* Message.swift */,
				26BBA1901C398E3C00BF7225 /* Team.swift */,
				26BBA1911C398E3C00BF7225 /* Types.swift */,
				26BBA1921C398E3C00BF7225 /* User.swift */,
				26BBA1931C398E3C00BF7225 /* UserGroup.swift */,
				2661A6A41BBF62FF0026F67B /* SlackKit.h */,
				266E05F01BBF780C00840D76 /* Info.plist */,
			);
			path = SlackKit;
			sourceTree = "<group>";
		};
			isa = PBXGroup;
			children = (
			);
			sourceTree = "<group>";
		};
/* End PBXGroup section */

/* Begin PBXHeadersBuildPhase section */
		26072A311BB48B3A00CD650C /* Headers */ = {
			isa = PBXHeadersBuildPhase;
			buildActionMask = 2147483647;
			files = (
			);
			runOnlyForDeploymentPostprocessing = 0;
		};
/* End PBXHeadersBuildPhase section */

/* Begin PBXNativeTarget section */
		26072A331BB48B3A00CD650C /* SlackKit */ = {
			isa = PBXNativeTarget;
			buildConfigurationList = 26072A3C1BB48B3B00CD650C /* Build configuration list for PBXNativeTarget "SlackKit" */;
			buildPhases = (
				26072A2F1BB48B3A00CD650C /* Sources */,
				26072A301BB48B3A00CD650C /* Frameworks */,
				26072A311BB48B3A00CD650C /* Headers */,
				26072A321BB48B3A00CD650C /* Resources */,
			);
			buildRules = (
			);
			dependencies = (
			);
			name = SlackKit;
			productName = SlackRTMKit;
			productReference = 26072A341BB48B3A00CD650C /* SlackKit.framework */;
			productType = "com.apple.product-type.framework";
		};
/* End PBXNativeTarget section */

/* Begin PBXProject section */
		26072A2B1BB48B3A00CD650C /* Project object */ = {
			isa = PBXProject;
			attributes = {
				LastSwiftUpdateCheck = 0720;
				LastUpgradeCheck = 0700;
				ORGANIZATIONNAME = "Launch Software LLC";
				TargetAttributes = {
					26072A331BB48B3A00CD650C = {
						CreatedOnToolsVersion = 7.0;
					};
					26B50F371C52CAE20066F03A = {
						CreatedOnToolsVersion = 7.2;
					};
				};
			};
			buildConfigurationList = 26072A2E1BB48B3A00CD650C /* Build configuration list for PBXProject "SlackKit" */;
			compatibilityVersion = "Xcode 3.2";
			developmentRegion = English;
			hasScannedForEncodings = 0;
			knownRegions = (
				en,
				Base,
			);
			mainGroup = 26072A2A1BB48B3A00CD650C;
			productRefGroup = 26072A351BB48B3A00CD650C /* Products */;
			projectDirPath = "";
			projectRoot = "";
			targets = (
				26072A331BB48B3A00CD650C /* SlackKit */,
			);
		};
/* End PBXProject section */

/* Begin PBXResourcesBuildPhase section */
		26072A321BB48B3A00CD650C /* Resources */ = {
			isa = PBXResourcesBuildPhase;
			buildActionMask = 2147483647;
			files = (
			);
			runOnlyForDeploymentPostprocessing = 0;
		};
			buildActionMask = 2147483647;
			files = (
			);
			runOnlyForDeploymentPostprocessing = 0;
		};
/* End PBXResourcesBuildPhase section */

/* Begin PBXSourcesBuildPhase section */
		26072A2F1BB48B3A00CD650C /* Sources */ = {
			isa = PBXSourcesBuildPhase;
			buildActionMask = 2147483647;
			files = (
				26088AD31C56F1FB0040C0F3 /* curl_support.cpp in Sources */,
				26088AC51C56EB560040C0F3 /* Threading.swift in Sources */,
				26BBA1991C398E3C00BF7225 /* EventDispatcher.swift in Sources */,
				26BBA1951C398E3C00BF7225 /* Channel.swift in Sources */,
				26088AC41C56EB560040C0F3 /* LibEvent.swift in Sources */,
				26BBA19F1C398E3C00BF7225 /* User.swift in Sources */,
				26BBA19E1C398E3C00BF7225 /* Types.swift in Sources */,
				26BBA1961C398E3C00BF7225 /* Client.swift in Sources */,
				26BBA19A1C398E3C00BF7225 /* EventHandler.swift in Sources */,
				26088AE21C5714420040C0F3 /* WebSocket.swift in Sources */,
				26BBA1971C398E3C00BF7225 /* Event.swift in Sources */,
				26088AC31C56EB560040C0F3 /* cURL.swift in Sources */,
				26BBA1941C398E3C00BF7225 /* Bot.swift in Sources */,
				26BBA19B1C398E3C00BF7225 /* File.swift in Sources */,
				26BBA19C1C398E3C00BF7225 /* Message.swift in Sources */,
				26BBA19D1C398E3C00BF7225 /* Team.swift in Sources */,
				26BBA1A01C398E3C00BF7225 /* UserGroup.swift in Sources */,
				26BBA1981C398E3C00BF7225 /* EventDelegate.swift in Sources */,
				26088AC21C56EB560040C0F3 /* Bytes.swift in Sources */,
			);
			runOnlyForDeploymentPostprocessing = 0;
		};
		26B50F341C52CAE20066F03A /* Sources */ = {
			isa = PBXSourcesBuildPhase;
			buildActionMask = 2147483647;
			files = (
				26B50F3B1C52CAE20066F03A /* AppDelegate.swift in Sources */,
			);
			runOnlyForDeploymentPostprocessing = 0;
		};
/* End PBXSourcesBuildPhase section */

/* Begin XCBuildConfiguration section */
		26072A3A1BB48B3B00CD650C /* Debug */ = {
			isa = XCBuildConfiguration;
			buildSettings = {
				ALWAYS_SEARCH_USER_PATHS = NO;
				CLANG_CXX_LANGUAGE_STANDARD = "gnu++0x";
				CLANG_CXX_LIBRARY = "libc++";
				CLANG_ENABLE_MODULES = YES;
				CLANG_ENABLE_OBJC_ARC = YES;
				CLANG_WARN_BOOL_CONVERSION = YES;
				CLANG_WARN_CONSTANT_CONVERSION = YES;
				CLANG_WARN_DIRECT_OBJC_ISA_USAGE = YES_ERROR;
				CLANG_WARN_EMPTY_BODY = YES;
				CLANG_WARN_ENUM_CONVERSION = YES;
				CLANG_WARN_INT_CONVERSION = YES;
				CLANG_WARN_OBJC_ROOT_CLASS = YES_ERROR;
				CLANG_WARN_UNREACHABLE_CODE = YES;
				CLANG_WARN__DUPLICATE_METHOD_MATCH = YES;
				COPY_PHASE_STRIP = NO;
				CURRENT_PROJECT_VERSION = 1;
				DEBUG_INFORMATION_FORMAT = dwarf;
				ENABLE_STRICT_OBJC_MSGSEND = YES;
				ENABLE_TESTABILITY = YES;
				GCC_C_LANGUAGE_STANDARD = gnu99;
				GCC_DYNAMIC_NO_PIC = NO;
				GCC_NO_COMMON_BLOCKS = YES;
				GCC_OPTIMIZATION_LEVEL = 0;
				GCC_PREPROCESSOR_DEFINITIONS = (
					"DEBUG=1",
					"$(inherited)",
				);
				GCC_WARN_64_TO_32_BIT_CONVERSION = YES;
				GCC_WARN_ABOUT_RETURN_TYPE = YES_ERROR;
				GCC_WARN_UNDECLARED_SELECTOR = YES;
				GCC_WARN_UNINITIALIZED_AUTOS = YES_AGGRESSIVE;
				GCC_WARN_UNUSED_FUNCTION = YES;
				GCC_WARN_UNUSED_VARIABLE = YES;
				MACOSX_DEPLOYMENT_TARGET = 10.11;
				MTL_ENABLE_DEBUG_INFO = YES;
				ONLY_ACTIVE_ARCH = YES;
				SDKROOT = macosx;
				SWIFT_OPTIMIZATION_LEVEL = "-Onone";
				VERSIONING_SYSTEM = "apple-generic";
				VERSION_INFO_PREFIX = "";
			};
			name = Debug;
		};
		26072A3B1BB48B3B00CD650C /* Release */ = {
			isa = XCBuildConfiguration;
			buildSettings = {
				ALWAYS_SEARCH_USER_PATHS = NO;
				CLANG_CXX_LANGUAGE_STANDARD = "gnu++0x";
				CLANG_CXX_LIBRARY = "libc++";
				CLANG_ENABLE_MODULES = YES;
				CLANG_ENABLE_OBJC_ARC = YES;
				CLANG_WARN_BOOL_CONVERSION = YES;
				CLANG_WARN_CONSTANT_CONVERSION = YES;
				CLANG_WARN_DIRECT_OBJC_ISA_USAGE = YES_ERROR;
				CLANG_WARN_EMPTY_BODY = YES;
				CLANG_WARN_ENUM_CONVERSION = YES;
				CLANG_WARN_INT_CONVERSION = YES;
				CLANG_WARN_OBJC_ROOT_CLASS = YES_ERROR;
				CLANG_WARN_UNREACHABLE_CODE = YES;
				CLANG_WARN__DUPLICATE_METHOD_MATCH = YES;
				COPY_PHASE_STRIP = NO;
				CURRENT_PROJECT_VERSION = 1;
				DEBUG_INFORMATION_FORMAT = "dwarf-with-dsym";
				ENABLE_NS_ASSERTIONS = NO;
				ENABLE_STRICT_OBJC_MSGSEND = YES;
				GCC_C_LANGUAGE_STANDARD = gnu99;
				GCC_NO_COMMON_BLOCKS = YES;
				GCC_WARN_64_TO_32_BIT_CONVERSION = YES;
				GCC_WARN_ABOUT_RETURN_TYPE = YES_ERROR;
				GCC_WARN_UNDECLARED_SELECTOR = YES;
				GCC_WARN_UNINITIALIZED_AUTOS = YES_AGGRESSIVE;
				GCC_WARN_UNUSED_FUNCTION = YES;
				GCC_WARN_UNUSED_VARIABLE = YES;
				MACOSX_DEPLOYMENT_TARGET = 10.11;
				MTL_ENABLE_DEBUG_INFO = NO;
				SDKROOT = macosx;
				VERSIONING_SYSTEM = "apple-generic";
				VERSION_INFO_PREFIX = "";
			};
			name = Release;
		};
		26072A3D1BB48B3B00CD650C /* Debug */ = {
			isa = XCBuildConfiguration;
			buildSettings = {
				CLANG_ENABLE_MODULES = YES;
				COMBINE_HIDPI_IMAGES = YES;
				DEFINES_MODULE = YES;
				DYLIB_COMPATIBILITY_VERSION = 1;
				DYLIB_CURRENT_VERSION = 1;
				DYLIB_INSTALL_NAME_BASE = "@rpath";
				FRAMEWORK_VERSION = A;
				INFOPLIST_FILE = SlackKit/Info.plist;
				INSTALL_PATH = "$(LOCAL_LIBRARY_DIR)/Frameworks";
				LD_RUNPATH_SEARCH_PATHS = "$(inherited) @executable_path/../Frameworks @loader_path/Frameworks";
				LIBRARY_SEARCH_PATHS = (
					"$(inherited)",
					"$(PROJECT_DIR)/Packages/LibEvent-1.0.0/",
					"${SRCROOT}/Packages/cURL-1.0.0/",
					"$(PROJECT_DIR)/Packages/LibEvent-1.0.0/osx",
					"$(PROJECT_DIR)/SlackKit",
				);
				PRODUCT_BUNDLE_IDENTIFIER = com.launchsoft.SlackKit;
				PRODUCT_NAME = SlackKit;
				SKIP_INSTALL = YES;
				SWIFT_INCLUDE_PATHS = "$(inherited) ${SRCROOT}/Packages/cURL-1.0.0/ ${SRCROOT}/Packages/LibEvent-1.0.0/";
				SWIFT_OPTIMIZATION_LEVEL = "-Onone";
			};
			name = Debug;
		};
		26072A3E1BB48B3B00CD650C /* Release */ = {
			isa = XCBuildConfiguration;
			buildSettings = {
				CLANG_ENABLE_MODULES = YES;
				COMBINE_HIDPI_IMAGES = YES;
				DEFINES_MODULE = YES;
				DYLIB_COMPATIBILITY_VERSION = 1;
				DYLIB_CURRENT_VERSION = 1;
				DYLIB_INSTALL_NAME_BASE = "@rpath";
				FRAMEWORK_VERSION = A;
				INFOPLIST_FILE = SlackKit/Info.plist;
				INSTALL_PATH = "$(LOCAL_LIBRARY_DIR)/Frameworks";
				LD_RUNPATH_SEARCH_PATHS = "$(inherited) @executable_path/../Frameworks @loader_path/Frameworks";
				LIBRARY_SEARCH_PATHS = (
					"$(inherited)",
					"$(PROJECT_DIR)/Packages/LibEvent-1.0.0/",
					"${SRCROOT}/Packages/cURL-1.0.0/",
					"$(PROJECT_DIR)/Packages/LibEvent-1.0.0/osx",
					"$(PROJECT_DIR)/SlackKit",
				);
				PRODUCT_BUNDLE_IDENTIFIER = com.launchsoft.SlackKit;
				PRODUCT_NAME = SlackKit;
				SKIP_INSTALL = YES;
				SWIFT_INCLUDE_PATHS = "$(inherited) ${SRCROOT}/Packages/cURL-1.0.0/ ${SRCROOT}/Packages/LibEvent-1.0.0/";
			};
			name = Release;
		};
		26B50F431C52CAE20066F03A /* Debug */ = {
			isa = XCBuildConfiguration;
			buildSettings = {
				ASSETCATALOG_COMPILER_APPICON_NAME = AppIcon;
				CODE_SIGN_IDENTITY = "-";
				COMBINE_HIDPI_IMAGES = YES;
				INFOPLIST_FILE = RLS/Info.plist;
				LD_RUNPATH_SEARCH_PATHS = "$(inherited) @executable_path/../Frameworks";
				PRODUCT_BUNDLE_IDENTIFIER = LS.RLS;
				PRODUCT_NAME = "$(TARGET_NAME)";
			};
			name = Debug;
		};
		26B50F441C52CAE20066F03A /* Release */ = {
			isa = XCBuildConfiguration;
			buildSettings = {
				ASSETCATALOG_COMPILER_APPICON_NAME = AppIcon;
				CODE_SIGN_IDENTITY = "-";
				COMBINE_HIDPI_IMAGES = YES;
				INFOPLIST_FILE = RLS/Info.plist;
				LD_RUNPATH_SEARCH_PATHS = "$(inherited) @executable_path/../Frameworks";
				PRODUCT_BUNDLE_IDENTIFIER = LS.RLS;
				PRODUCT_NAME = "$(TARGET_NAME)";
			};
			name = Release;
		};
/* End XCBuildConfiguration section */

/* Begin XCConfigurationList section */
		26072A2E1BB48B3A00CD650C /* Build configuration list for PBXProject "SlackKit" */ = {
			isa = XCConfigurationList;
			buildConfigurations = (
				26072A3A1BB48B3B00CD650C /* Debug */,
				26072A3B1BB48B3B00CD650C /* Release */,
			);
			defaultConfigurationIsVisible = 0;
			defaultConfigurationName = Release;
		};
		26072A3C1BB48B3B00CD650C /* Build configuration list for PBXNativeTarget "SlackKit" */ = {
			isa = XCConfigurationList;
			buildConfigurations = (
				26072A3D1BB48B3B00CD650C /* Debug */,
				26072A3E1BB48B3B00CD650C /* Release */,
			);
			defaultConfigurationIsVisible = 0;
			defaultConfigurationName = Release;
		};
/* End XCConfigurationList section */
	};
	rootObject = 26072A2B1BB48B3A00CD650C /* Project object */;
}
